
Microsoft Visual Studio Solution File, Format Version 12.00
# Visual Studio Version 17
VisualStudioVersion = 17.11.35312.102
MinimumVisualStudioVersion = 10.0.40219.1
Project("{2150E333-8FDC-42A3-9474-1A3956D46DE8}") = "Task0", "Task0", "{D5D090CC-DA63-4F5A-A94F-5C473B412E2F}"
EndProject
Project("{FAE04EC0-301F-11D3-BF4B-00C04F79EFBC}") = "Tyuiu.MokhamedAA.Sprint2.Task0.V28", "Tyuiu.MokhamedAA.Sprint2.Task0.V28\Tyuiu.MokhamedAA.Sprint2.Task0.V28.csproj", "{BFEBC49A-A30E-4D5A-94E8-763483FA3482}"
EndProject
Project("{FAE04EC0-301F-11D3-BF4B-00C04F79EFBC}") = "Tyuiu.MokhamedAA.Sprint2.Task0.V28.Lib", "Tyuiu.MokhamedAA.Sprint2.Task0.V28.Lib\Tyuiu.MokhamedAA.Sprint2.Task0.V28.Lib.csproj", "{642E2695-49A6-41F3-912A-A8594EF89C98}"
EndProject
Project("{FAE04EC0-301F-11D3-BF4B-00C04F79EFBC}") = "Tyuiu.MokhamedAA.Sprint2.Task0.V28.Test", "Tyuiu.MokhamedAA.Sprint2.Task0.V28.Test\Tyuiu.MokhamedAA.Sprint2.Task0.V28.Test.csproj", "{A6478D97-6111-4EA5-8225-CCF4BAC40B45}"
EndProject
Global
	GlobalSection(SolutionConfigurationPlatforms) = preSolution
		Debug|Any CPU = Debug|Any CPU
		Release|Any CPU = Release|Any CPU
	EndGlobalSection
	GlobalSection(ProjectConfigurationPlatforms) = postSolution
		{BFEBC49A-A30E-4D5A-94E8-763483FA3482}.Debug|Any CPU.ActiveCfg = Debug|Any CPU
		{BFEBC49A-A30E-4D5A-94E8-763483FA3482}.Debug|Any CPU.Build.0 = Debug|Any CPU
		{BFEBC49A-A30E-4D5A-94E8-763483FA3482}.Release|Any CPU.ActiveCfg = Release|Any CPU
		{BFEBC49A-A30E-4D5A-94E8-763483FA3482}.Release|Any CPU.Build.0 = Release|Any CPU
		{642E2695-49A6-41F3-912A-A8594EF89C98}.Debug|Any CPU.ActiveCfg = Debug|Any CPU
		{642E2695-49A6-41F3-912A-A8594EF89C98}.Debug|Any CPU.Build.0 = Debug|Any CPU
		{642E2695-49A6-41F3-912A-A8594EF89C98}.Release|Any CPU.ActiveCfg = Release|Any CPU
		{642E2695-49A6-41F3-912A-A8594EF89C98}.Release|Any CPU.Build.0 = Release|Any CPU
		{A6478D97-6111-4EA5-8225-CCF4BAC40B45}.Debug|Any CPU.ActiveCfg = Debug|Any CPU
		{A6478D97-6111-4EA5-8225-CCF4BAC40B45}.Debug|Any CPU.Build.0 = Debug|Any CPU
		{A6478D97-6111-4EA5-8225-CCF4BAC40B45}.Release|Any CPU.ActiveCfg = Release|Any CPU
		{A6478D97-6111-4EA5-8225-CCF4BAC40B45}.Release|Any CPU.Build.0 = Release|Any CPU
	EndGlobalSection
	GlobalSection(SolutionProperties) = preSolution
		HideSolutionNode = FALSE
	EndGlobalSection
	GlobalSection(NestedProjects) = preSolution
		{BFEBC49A-A30E-4D5A-94E8-763483FA3482} = {D5D090CC-DA63-4F5A-A94F-5C473B412E2F}
		{642E2695-49A6-41F3-912A-A8594EF89C98} = {D5D090CC-DA63-4F5A-A94F-5C473B412E2F}
		{A6478D97-6111-4EA5-8225-CCF4BAC40B45} = {D5D090CC-DA63-4F5A-A94F-5C473B412E2F}
	EndGlobalSection
	GlobalSection(ExtensibilityGlobals) = postSolution
		SolutionGuid = {0C2637DB-2932-4C1B-ACB7-EFE99847EB55}
	EndGlobalSection
EndGlobal
