
Microsoft Visual Studio Solution File, Format Version 12.00
# Visual Studio Version 17
VisualStudioVersion = 17.11.35312.102
MinimumVisualStudioVersion = 10.0.40219.1
Project("{2150E333-8FDC-42A3-9474-1A3956D46DE8}") = "Task3", "Task3", "{918C178C-D462-4F90-9775-8576F9F6F05F}"
EndProject
Project("{FAE04EC0-301F-11D3-BF4B-00C04F79EFBC}") = "Tyuiu.MokhamedAA.Sprint2.Task3.V20", "Tyuiu.MokhamedAA.Sprint2.Task3.V20\Tyuiu.MokhamedAA.Sprint2.Task3.V20.csproj", "{03165DA7-CB75-4402-A4C2-89B239EF447A}"
EndProject
Project("{FAE04EC0-301F-11D3-BF4B-00C04F79EFBC}") = "Tyuiu.MokhamedAA.Sprint2.Task3.V20.Lib", "Tyuiu.MokhamedAA.Sprint2.Task3.V20.Lib\Tyuiu.MokhamedAA.Sprint2.Task3.V20.Lib.csproj", "{1E5399BF-D6FE-4E76-88B1-2121828E4F98}"
EndProject
Project("{FAE04EC0-301F-11D3-BF4B-00C04F79EFBC}") = "Tyuiu.MokhamedAA.Sprint2.Task3.V20.Test", "Tyuiu.MokhamedAA.Sprint2.Task3.V20.Test\Tyuiu.MokhamedAA.Sprint2.Task3.V20.Test.csproj", "{1A4C986E-EC22-4912-913D-DFCE2949C4AB}"
EndProject
Project("{2150E333-8FDC-42A3-9474-1A3956D46DE8}") = "Task4", "Task4", "{863FA804-DE3A-4BE5-8D11-FB28C15046D2}"
EndProject
Project("{FAE04EC0-301F-11D3-BF4B-00C04F79EFBC}") = "Tyuiu.MokhamedAA.Sprint2.Task4.V23", "Tyuiu.MokhamedAA.Sprint2.Task4.V23\Tyuiu.MokhamedAA.Sprint2.Task4.V23.csproj", "{8E5E5449-D1B9-480B-94CB-0136649E631E}"
EndProject
Project("{FAE04EC0-301F-11D3-BF4B-00C04F79EFBC}") = "Tyuiu.MokhamedAA.Sprint2.Task4.V23.Lib", "Tyuiu.MokhamedAA.Sprint2.Task4.V23.Lib\Tyuiu.MokhamedAA.Sprint2.Task4.V23.Lib.csproj", "{88EAD636-EEA6-4086-9E67-1AAD4138F1BB}"
EndProject
Project("{FAE04EC0-301F-11D3-BF4B-00C04F79EFBC}") = "Tyuiu.MokhamedAA.Sprint2.Task4.V23.Test", "Tyuiu.MokhamedAA.Sprint2.Task4.V23.Test\Tyuiu.MokhamedAA.Sprint2.Task4.V23.Test.csproj", "{86687AC9-0E4B-4F20-9CAF-99515E233BE0}"
EndProject
Project("{2150E333-8FDC-42A3-9474-1A3956D46DE8}") = "Task5", "Task5", "{63DF98B4-9C53-4459-B0B1-E8645D6410E2}"
EndProject
Project("{FAE04EC0-301F-11D3-BF4B-00C04F79EFBC}") = "Tyuiu.MokhamedAA.Sprint2.Task5.V2", "Tyuiu.MokhamedAA.Sprint2.Task5.V2\Tyuiu.MokhamedAA.Sprint2.Task5.V2.csproj", "{B5B23765-9351-4F55-9E3E-168C4120154F}"
EndProject
Project("{FAE04EC0-301F-11D3-BF4B-00C04F79EFBC}") = "Tyuiu.MokhamedAA.Sprint2.Task5.V2.Lib", "Tyuiu.MokhamedAA.Sprint2.Task5.V2.Lib\Tyuiu.MokhamedAA.Sprint2.Task5.V2.Lib.csproj", "{CAB689FA-3108-4EAC-847F-16C4D38FEBDB}"
EndProject
Project("{FAE04EC0-301F-11D3-BF4B-00C04F79EFBC}") = "Tyuiu.MokhamedAA.Sprint2.Task5.V2.Test", "Tyuiu.MokhamedAA.Sprint2.Task5.V2.Test\Tyuiu.MokhamedAA.Sprint2.Task5.V2.Test.csproj", "{80DE33A8-A842-4DC2-8FF9-17D31C12637E}"
EndProject
Project("{2150E333-8FDC-42A3-9474-1A3956D46DE8}") = "Task6", "Task6", "{CEE92201-C6BE-4752-A834-D1AC8F24C63D}"
EndProject
Project("{FAE04EC0-301F-11D3-BF4B-00C04F79EFBC}") = "Tyuiu.MokhamedAA.Sprint2.Task6.V11", "Tyuiu.MokhamedAA.Sprint2.Task6.V11\Tyuiu.MokhamedAA.Sprint2.Task6.V11.csproj", "{4235C9C8-CFB6-4D6B-82D3-5B47E6EA2D97}"
EndProject
Project("{FAE04EC0-301F-11D3-BF4B-00C04F79EFBC}") = "Tyuiu.MokhamedAA.Sprint2.Task6.V11.Lib", "Tyuiu.MokhamedAA.Sprint2.Task6.V11.Lib\Tyuiu.MokhamedAA.Sprint2.Task6.V11.Lib.csproj", "{36DB790B-277C-4662-9CE9-AFDE050900CD}"
EndProject
Project("{FAE04EC0-301F-11D3-BF4B-00C04F79EFBC}") = "Tyuiu.MokhamedAA.Sprint2.Task6.V11.Test", "Tyuiu.MokhamedAA.Sprint2.Task6.V11.Test\Tyuiu.MokhamedAA.Sprint2.Task6.V11.Test.csproj", "{A6F500B5-DE06-4F13-9D32-631F272E6BF3}"
EndProject
Global
	GlobalSection(SolutionConfigurationPlatforms) = preSolution
		Debug|Any CPU = Debug|Any CPU
		Release|Any CPU = Release|Any CPU
	EndGlobalSection
	GlobalSection(ProjectConfigurationPlatforms) = postSolution
		{03165DA7-CB75-4402-A4C2-89B239EF447A}.Debug|Any CPU.ActiveCfg = Debug|Any CPU
		{03165DA7-CB75-4402-A4C2-89B239EF447A}.Debug|Any CPU.Build.0 = Debug|Any CPU
		{03165DA7-CB75-4402-A4C2-89B239EF447A}.Release|Any CPU.ActiveCfg = Release|Any CPU
		{03165DA7-CB75-4402-A4C2-89B239EF447A}.Release|Any CPU.Build.0 = Release|Any CPU
		{1E5399BF-D6FE-4E76-88B1-2121828E4F98}.Debug|Any CPU.ActiveCfg = Debug|Any CPU
		{1E5399BF-D6FE-4E76-88B1-2121828E4F98}.Debug|Any CPU.Build.0 = Debug|Any CPU
		{1E5399BF-D6FE-4E76-88B1-2121828E4F98}.Release|Any CPU.ActiveCfg = Release|Any CPU
		{1E5399BF-D6FE-4E76-88B1-2121828E4F98}.Release|Any CPU.Build.0 = Release|Any CPU
		{1A4C986E-EC22-4912-913D-DFCE2949C4AB}.Debug|Any CPU.ActiveCfg = Debug|Any CPU
		{1A4C986E-EC22-4912-913D-DFCE2949C4AB}.Debug|Any CPU.Build.0 = Debug|Any CPU
		{1A4C986E-EC22-4912-913D-DFCE2949C4AB}.Release|Any CPU.ActiveCfg = Release|Any CPU
		{1A4C986E-EC22-4912-913D-DFCE2949C4AB}.Release|Any CPU.Build.0 = Release|Any CPU
		{8E5E5449-D1B9-480B-94CB-0136649E631E}.Debug|Any CPU.ActiveCfg = Debug|Any CPU
		{8E5E5449-D1B9-480B-94CB-0136649E631E}.Debug|Any CPU.Build.0 = Debug|Any CPU
		{8E5E5449-D1B9-480B-94CB-0136649E631E}.Release|Any CPU.ActiveCfg = Release|Any CPU
		{8E5E5449-D1B9-480B-94CB-0136649E631E}.Release|Any CPU.Build.0 = Release|Any CPU
		{88EAD636-EEA6-4086-9E67-1AAD4138F1BB}.Debug|Any CPU.ActiveCfg = Debug|Any CPU
		{88EAD636-EEA6-4086-9E67-1AAD4138F1BB}.Debug|Any CPU.Build.0 = Debug|Any CPU
		{88EAD636-EEA6-4086-9E67-1AAD4138F1BB}.Release|Any CPU.ActiveCfg = Release|Any CPU
		{88EAD636-EEA6-4086-9E67-1AAD4138F1BB}.Release|Any CPU.Build.0 = Release|Any CPU
		{86687AC9-0E4B-4F20-9CAF-99515E233BE0}.Debug|Any CPU.ActiveCfg = Debug|Any CPU
		{86687AC9-0E4B-4F20-9CAF-99515E233BE0}.Debug|Any CPU.Build.0 = Debug|Any CPU
		{86687AC9-0E4B-4F20-9CAF-99515E233BE0}.Release|Any CPU.ActiveCfg = Release|Any CPU
		{86687AC9-0E4B-4F20-9CAF-99515E233BE0}.Release|Any CPU.Build.0 = Release|Any CPU
		{B5B23765-9351-4F55-9E3E-168C4120154F}.Debug|Any CPU.ActiveCfg = Debug|Any CPU
		{B5B23765-9351-4F55-9E3E-168C4120154F}.Debug|Any CPU.Build.0 = Debug|Any CPU
		{B5B23765-9351-4F55-9E3E-168C4120154F}.Release|Any CPU.ActiveCfg = Release|Any CPU
		{B5B23765-9351-4F55-9E3E-168C4120154F}.Release|Any CPU.Build.0 = Release|Any CPU
		{CAB689FA-3108-4EAC-847F-16C4D38FEBDB}.Debug|Any CPU.ActiveCfg = Debug|Any CPU
		{CAB689FA-3108-4EAC-847F-16C4D38FEBDB}.Debug|Any CPU.Build.0 = Debug|Any CPU
		{CAB689FA-3108-4EAC-847F-16C4D38FEBDB}.Release|Any CPU.ActiveCfg = Release|Any CPU
		{CAB689FA-3108-4EAC-847F-16C4D38FEBDB}.Release|Any CPU.Build.0 = Release|Any CPU
		{80DE33A8-A842-4DC2-8FF9-17D31C12637E}.Debug|Any CPU.ActiveCfg = Debug|Any CPU
		{80DE33A8-A842-4DC2-8FF9-17D31C12637E}.Debug|Any CPU.Build.0 = Debug|Any CPU
		{80DE33A8-A842-4DC2-8FF9-17D31C12637E}.Release|Any CPU.ActiveCfg = Release|Any CPU
		{80DE33A8-A842-4DC2-8FF9-17D31C12637E}.Release|Any CPU.Build.0 = Release|Any CPU
		{4235C9C8-CFB6-4D6B-82D3-5B47E6EA2D97}.Debug|Any CPU.ActiveCfg = Debug|Any CPU
		{4235C9C8-CFB6-4D6B-82D3-5B47E6EA2D97}.Debug|Any CPU.Build.0 = Debug|Any CPU
		{4235C9C8-CFB6-4D6B-82D3-5B47E6EA2D97}.Release|Any CPU.ActiveCfg = Release|Any CPU
		{4235C9C8-CFB6-4D6B-82D3-5B47E6EA2D97}.Release|Any CPU.Build.0 = Release|Any CPU
		{36DB790B-277C-4662-9CE9-AFDE050900CD}.Debug|Any CPU.ActiveCfg = Debug|Any CPU
		{36DB790B-277C-4662-9CE9-AFDE050900CD}.Debug|Any CPU.Build.0 = Debug|Any CPU
		{36DB790B-277C-4662-9CE9-AFDE050900CD}.Release|Any CPU.ActiveCfg = Release|Any CPU
		{36DB790B-277C-4662-9CE9-AFDE050900CD}.Release|Any CPU.Build.0 = Release|Any CPU
		{A6F500B5-DE06-4F13-9D32-631F272E6BF3}.Debug|Any CPU.ActiveCfg = Debug|Any CPU
		{A6F500B5-DE06-4F13-9D32-631F272E6BF3}.Debug|Any CPU.Build.0 = Debug|Any CPU
		{A6F500B5-DE06-4F13-9D32-631F272E6BF3}.Release|Any CPU.ActiveCfg = Release|Any CPU
		{A6F500B5-DE06-4F13-9D32-631F272E6BF3}.Release|Any CPU.Build.0 = Release|Any CPU
	EndGlobalSection
	GlobalSection(SolutionProperties) = preSolution
		HideSolutionNode = FALSE
	EndGlobalSection
	GlobalSection(NestedProjects) = preSolution
		{03165DA7-CB75-4402-A4C2-89B239EF447A} = {918C178C-D462-4F90-9775-8576F9F6F05F}
		{1E5399BF-D6FE-4E76-88B1-2121828E4F98} = {918C178C-D462-4F90-9775-8576F9F6F05F}
		{1A4C986E-EC22-4912-913D-DFCE2949C4AB} = {918C178C-D462-4F90-9775-8576F9F6F05F}
		{8E5E5449-D1B9-480B-94CB-0136649E631E} = {863FA804-DE3A-4BE5-8D11-FB28C15046D2}
		{88EAD636-EEA6-4086-9E67-1AAD4138F1BB} = {863FA804-DE3A-4BE5-8D11-FB28C15046D2}
		{86687AC9-0E4B-4F20-9CAF-99515E233BE0} = {863FA804-DE3A-4BE5-8D11-FB28C15046D2}
		{B5B23765-9351-4F55-9E3E-168C4120154F} = {63DF98B4-9C53-4459-B0B1-E8645D6410E2}
		{CAB689FA-3108-4EAC-847F-16C4D38FEBDB} = {63DF98B4-9C53-4459-B0B1-E8645D6410E2}
		{80DE33A8-A842-4DC2-8FF9-17D31C12637E} = {63DF98B4-9C53-4459-B0B1-E8645D6410E2}
		{4235C9C8-CFB6-4D6B-82D3-5B47E6EA2D97} = {CEE92201-C6BE-4752-A834-D1AC8F24C63D}
		{36DB790B-277C-4662-9CE9-AFDE050900CD} = {CEE92201-C6BE-4752-A834-D1AC8F24C63D}
		{A6F500B5-DE06-4F13-9D32-631F272E6BF3} = {CEE92201-C6BE-4752-A834-D1AC8F24C63D}
	EndGlobalSection
	GlobalSection(ExtensibilityGlobals) = postSolution
		SolutionGuid = {0C2637DB-2932-4C1B-ACB7-EFE99847EB55}
	EndGlobalSection
EndGlobal
